// !$*UTF8*$!
{
	archiveVersion = 1;
	classes = {
	};
	objectVersion = 46;
	objects = {

/* Begin PBXBuildFile section */
		8C2FB4601C8C04D9004EBBAD /* AppDelegate.swift in Sources */ = {isa = PBXBuildFile; fileRef = 8C2FB45F1C8C04D9004EBBAD /* AppDelegate.swift */; };
		8C2FB4621C8C04D9004EBBAD /* ViewController.swift in Sources */ = {isa = PBXBuildFile; fileRef = 8C2FB4611C8C04D9004EBBAD /* ViewController.swift */; };
		8C2FB4651C8C04D9004EBBAD /* Main.storyboard in Resources */ = {isa = PBXBuildFile; fileRef = 8C2FB4631C8C04D9004EBBAD /* Main.storyboard */; };
		8C2FB4671C8C04D9004EBBAD /* Assets.xcassets in Resources */ = {isa = PBXBuildFile; fileRef = 8C2FB4661C8C04D9004EBBAD /* Assets.xcassets */; };
		8C2FB46A1C8C04D9004EBBAD /* LaunchScreen.storyboard in Resources */ = {isa = PBXBuildFile; fileRef = 8C2FB4681C8C04D9004EBBAD /* LaunchScreen.storyboard */; };
/* End PBXBuildFile section */

/* Begin PBXFileReference section */
		8C2FB45C1C8C04D9004EBBAD /* GoodAsOldPhones.app */ = {isa = PBXFileReference; explicitFileType = wrapper.application; includeInIndex = 0; path = GoodAsOldPhones.app; sourceTree = BUILT_PRODUCTS_DIR; };
		8C2FB45F1C8C04D9004EBBAD /* AppDelegate.swift */ = {isa = PBXFileReference; lastKnownFileType = sourcecode.swift; path = AppDelegate.swift; sourceTree = "<group>"; };
		8C2FB4611C8C04D9004EBBAD /* ViewController.swift */ = {isa = PBXFileReference; lastKnownFileType = sourcecode.swift; path = ViewController.swift; sourceTree = "<group>"; };
		8C2FB4641C8C04D9004EBBAD /* Base */ = {isa = PBXFileReference; lastKnownFileType = file.storyboard; name = Base; path = Base.lproj/Main.storyboard; sourceTree = "<group>"; };
		8C2FB4661C8C04D9004EBBAD /* Assets.xcassets */ = {isa = PBXFileReference; lastKnownFileType = folder.assetcatalog; path = Assets.xcassets; sourceTree = "<group>"; };
		8C2FB4691C8C04D9004EBBAD /* Base */ = {isa = PBXFileReference; lastKnownFileType = file.storyboard; name = Base; path = Base.lproj/LaunchScreen.storyboard; sourceTree = "<group>"; };
		8C2FB46B1C8C04D9004EBBAD /* Info.plist */ = {isa = PBXFileReference; lastKnownFileType = text.plist.xml; path = Info.plist; sourceTree = "<group>"; };
/* End PBXFileReference section */

/* Begin PBXFrameworksBuildPhase section */
		8C2FB4591C8C04D9004EBBAD /* Frameworks */ = {
			isa = PBXFrameworksBuildPhase;
			buildActionMask = 2147483647;
			files = (
			);
			runOnlyForDeploymentPostprocessing = 0;
		};
/* End PBXFrameworksBuildPhase section */

/* Begin PBXGroup section */
		8C2FB4531C8C04D8004EBBAD = {
			isa = PBXGroup;
			children = (
				8C2FB45E1C8C04D9004EBBAD /* GoodAsOldPhones */,
				8C2FB45D1C8C04D9004EBBAD /* Products */,
			);
			sourceTree = "<group>";
		};
		8C2FB45D1C8C04D9004EBBAD /* Products */ = {
			isa = PBXGroup;
			children = (
				8C2FB45C1C8C04D9004EBBAD /* GoodAsOldPhones.app */,
			);
			name = Products;
			sourceTree = "<group>";
		};
		8C2FB45E1C8C04D9004EBBAD /* GoodAsOldPhones */ = {
			isa = PBXGroup;
			children = (
				8C2FB45F1C8C04D9004EBBAD /* AppDelegate.swift */,
				8C2FB4611C8C04D9004EBBAD /* ViewController.swift */,
				8C2FB4631C8C04D9004EBBAD /* Main.storyboard */,
				8C2FB4661C8C04D9004EBBAD /* Assets.xcassets */,
				8C2FB4681C8C04D9004EBBAD /* LaunchScreen.storyboard */,
				8C2FB46B1C8C04D9004EBBAD /* Info.plist */,
			);
			path = GoodAsOldPhones;
			sourceTree = "<group>";
		};
/* End PBXGroup section */

/* Begin PBXNativeTarget section */
		8C2FB45B1C8C04D9004EBBAD /* GoodAsOldPhones */ = {
			isa = PBXNativeTarget;
			buildConfigurationList = 8C2FB46E1C8C04D9004EBBAD /* Build configuration list for PBXNativeTarget "GoodAsOldPhones" */;
			buildPhases = (
				8C2FB4581C8C04D9004EBBAD /* Sources */,
				8C2FB4591C8C04D9004EBBAD /* Frameworks */,
				8C2FB45A1C8C04D9004EBBAD /* Resources */,
			);
			buildRules = (
			);
			dependencies = (
			);
			name = GoodAsOldPhones;
			productName = GoodAsOldPhones;
			productReference = 8C2FB45C1C8C04D9004EBBAD /* GoodAsOldPhones.app */;
			productType = "com.apple.product-type.application";
		};
/* End PBXNativeTarget section */

/* Begin PBXProject section */
		8C2FB4541C8C04D8004EBBAD /* Project object */ = {
			isa = PBXProject;
			attributes = {
				LastSwiftUpdateCheck = 0720;
				LastUpgradeCheck = 0720;
				ORGANIZATIONNAME = "Eric Hayes";
				TargetAttributes = {
					8C2FB45B1C8C04D9004EBBAD = {
						CreatedOnToolsVersion = 7.2.1;
						DevelopmentTeam = 7FLXZ24524;
					};
				};
			};
			buildConfigurationList = 8C2FB4571C8C04D9004EBBAD /* Build configuration list for PBXProject "GoodAsOldPhones" */;
			compatibilityVersion = "Xcode 3.2";
			developmentRegion = English;
			hasScannedForEncodings = 0;
			knownRegions = (
				en,
				Base,
			);
			mainGroup = 8C2FB4531C8C04D8004EBBAD;
			productRefGroup = 8C2FB45D1C8C04D9004EBBAD /* Products */;
			projectDirPath = "";
			projectRoot = "";
			targets = (
				8C2FB45B1C8C04D9004EBBAD /* GoodAsOldPhones */,
			);
		};
/* End PBXProject section */

/* Begin PBXResourcesBuildPhase section */
		8C2FB45A1C8C04D9004EBBAD /* Resources */ = {
			isa = PBXResourcesBuildPhase;
			buildActionMask = 2147483647;
			files = (
				8C2FB46A1C8C04D9004EBBAD /* LaunchScreen.storyboard in Resources */,
				8C2FB4671C8C04D9004EBBAD /* Assets.xcassets in Resources */,
				8C2FB4651C8C04D9004EBBAD /* Main.storyboard in Resources */,
			);
			runOnlyForDeploymentPostprocessing = 0;
		};
/* End PBXResourcesBuildPhase section */

/* Begin PBXSourcesBuildPhase section */
		8C2FB4581C8C04D9004EBBAD /* Sources */ = {
			isa = PBXSourcesBuildPhase;
			buildActionMask = 2147483647;
			files = (
				8C2FB4621C8C04D9004EBBAD /* ViewController.swift in Sources */,
				8C2FB4601C8C04D9004EBBAD /* AppDelegate.swift in Sources */,
			);
			runOnlyForDeploymentPostprocessing = 0;
		};
/* End PBXSourcesBuildPhase section */

/* Begin PBXVariantGroup section */
		8C2FB4631C8C04D9004EBBAD /* Main.storyboard */ = {
			isa = PBXVariantGroup;
			children = (
				8C2FB4641C8C04D9004EBBAD /* Base */,
			);
			name = Main.storyboard;
			sourceTree = "<group>";
		};
		8C2FB4681C8C04D9004EBBAD /* LaunchScreen.storyboard */ = {
			isa = PBXVariantGroup;
			children = (
				8C2FB4691C8C04D9004EBBAD /* Base */,
			);
			name = LaunchScreen.storyboard;
			sourceTree = "<group>";
		};
/* End PBXVariantGroup section */

/* Begin XCBuildConfiguration section */
		8C2FB46C1C8C04D9004EBBAD /* Debug */ = {
			isa = XCBuildConfiguration;
			buildSettings = {
				ALWAYS_SEARCH_USER_PATHS = NO;
				CLANG_CXX_LANGUAGE_STANDARD = "gnu++0x";
				CLANG_CXX_LIBRARY = "libc++";
				CLANG_ENABLE_MODULES = YES;
				CLANG_ENABLE_OBJC_ARC = YES;
				CLANG_WARN_BOOL_CONVERSION = YES;
				CLANG_WARN_CONSTANT_CONVERSION = YES;
				CLANG_WARN_DIRECT_OBJC_ISA_USAGE = YES_ERROR;
				CLANG_WARN_EMPTY_BODY = YES;
				CLANG_WARN_ENUM_CONVERSION = YES;
				CLANG_WARN_INT_CONVERSION = YES;
				CLANG_WARN_OBJC_ROOT_CLASS = YES_ERROR;
				CLANG_WARN_UNREACHABLE_CODE = YES;
				CLANG_WARN__DUPLICATE_METHOD_MATCH = YES;
				"CODE_SIGN_IDENTITY[sdk=iphoneos*]" = "iPhone Developer";
				COPY_PHASE_STRIP = NO;
				DEBUG_INFORMATION_FORMAT = dwarf;
				ENABLE_STRICT_OBJC_MSGSEND = YES;
				ENABLE_TESTABILITY = YES;
				GCC_C_LANGUAGE_STANDARD = gnu99;
				GCC_DYNAMIC_NO_PIC = NO;
				GCC_NO_COMMON_BLOCKS = YES;
				GCC_OPTIMIZATION_LEVEL = 0;
				GCC_PREPROCESSOR_DEFINITIONS = (
					"DEBUG=1",
					"$(inherited)",
				);
				GCC_WARN_64_TO_32_BIT_CONVERSION = YES;
				GCC_WARN_ABOUT_RETURN_TYPE = YES_ERROR;
				GCC_WARN_UNDECLARED_SELECTOR = YES;
				GCC_WARN_UNINITIALIZED_AUTOS = YES_AGGRESSIVE;
				GCC_WARN_UNUSED_FUNCTION = YES;
				GCC_WARN_UNUSED_VARIABLE = YES;
				IPHONEOS_DEPLOYMENT_TARGET = 9.2;
				MTL_ENABLE_DEBUG_INFO = YES;
				ONLY_ACTIVE_ARCH = YES;
				SDKROOT = iphoneos;
				SWIFT_OPTIMIZATION_LEVEL = "-Onone";
			};
			name = Debug;
		};
		8C2FB46D1C8C04D9004EBBAD /* Release */ = {
			isa = XCBuildConfiguration;
			buildSettings = {
				ALWAYS_SEARCH_USER_PATHS = NO;
				CLANG_CXX_LANGUAGE_STANDARD = "gnu++0x";
				CLANG_CXX_LIBRARY = "libc++";
				CLANG_ENABLE_MODULES = YES;
				CLANG_ENABLE_OBJC_ARC = YES;
				CLANG_WARN_BOOL_CONVERSION = YES;
				CLANG_WARN_CONSTANT_CONVERSION = YES;
				CLANG_WARN_DIRECT_OBJC_ISA_USAGE = YES_ERROR;
				CLANG_WARN_EMPTY_BODY = YES;
				CLANG_WARN_ENUM_CONVERSION = YES;
				CLANG_WARN_INT_CONVERSION = YES;
				CLANG_WARN_OBJC_ROOT_CLASS = YES_ERROR;
				CLANG_WARN_UNREACHABLE_CODE = YES;
				CLANG_WARN__DUPLICATE_METHOD_MATCH = YES;
				"CODE_SIGN_IDENTITY[sdk=iphoneos*]" = "iPhone Developer";
				COPY_PHASE_STRIP = NO;
				DEBUG_INFORMATION_FORMAT = "dwarf-with-dsym";
				ENABLE_NS_ASSERTIONS = NO;
				ENABLE_STRICT_OBJC_MSGSEND = YES;
				GCC_C_LANGUAGE_STANDARD = gnu99;
				GCC_NO_COMMON_BLOCKS = YES;
				GCC_WARN_64_TO_32_BIT_CONVERSION = YES;
				GCC_WARN_ABOUT_RETURN_TYPE = YES_ERROR;
				GCC_WARN_UNDECLARED_SELECTOR = YES;
				GCC_WARN_UNINITIALIZED_AUTOS = YES_AGGRESSIVE;
				GCC_WARN_UNUSED_FUNCTION = YES;
				GCC_WARN_UNUSED_VARIABLE = YES;
				IPHONEOS_DEPLOYMENT_TARGET = 9.2;
				MTL_ENABLE_DEBUG_INFO = NO;
				SDKROOT = iphoneos;
				VALIDATE_PRODUCT = YES;
			};
			name = Release;
		};
		8C2FB46F1C8C04D9004EBBAD /* Debug */ = {
			isa = XCBuildConfiguration;
			buildSettings = {
				ASSETCATALOG_COMPILER_APPICON_NAME = AppIcon;
				INFOPLIST_FILE = GoodAsOldPhones/Info.plist;
				LD_RUNPATH_SEARCH_PATHS = "$(inherited) @executable_path/Frameworks";
				PRODUCT_BUNDLE_IDENTIFIER = net.erichayes.GoodAsOldPhones;
				PRODUCT_NAME = "$(TARGET_NAME)";
			};
			name = Debug;
		};
		8C2FB4701C8C04D9004EBBAD /* Release */ = {
			isa = XCBuildConfiguration;
			buildSettings = {
				ASSETCATALOG_COMPILER_APPICON_NAME = AppIcon;
				INFOPLIST_FILE = GoodAsOldPhones/Info.plist;
				LD_RUNPATH_SEARCH_PATHS = "$(inherited) @executable_path/Frameworks";
				PRODUCT_BUNDLE_IDENTIFIER = net.erichayes.GoodAsOldPhones;
				PRODUCT_NAME = "$(TARGET_NAME)";
			};
			name = Release;
		};
/* End XCBuildConfiguration section */

/* Begin XCConfigurationList section */
		8C2FB4571C8C04D9004EBBAD /* Build configuration list for PBXProject "GoodAsOldPhones" */ = {
			isa = XCConfigurationList;
			buildConfigurations = (
				8C2FB46C1C8C04D9004EBBAD /* Debug */,
				8C2FB46D1C8C04D9004EBBAD /* Release */,
			);
			defaultConfigurationIsVisible = 0;
			defaultConfigurationName = Release;
		};
		8C2FB46E1C8C04D9004EBBAD /* Build configuration list for PBXNativeTarget "GoodAsOldPhones" */ = {
			isa = XCConfigurationList;
			buildConfigurations = (
				8C2FB46F1C8C04D9004EBBAD /* Debug */,
				8C2FB4701C8C04D9004EBBAD /* Release */,
			);
			defaultConfigurationIsVisible = 0;
		};
/* End XCConfigurationList section */
	};
	rootObject = 8C2FB4541C8C04D8004EBBAD /* Project object */;
}
